
Microsoft Visual Studio Solution File, Format Version 12.00
# Visual Studio 15
VisualStudioVersion = 15.0.28010.2036
MinimumVisualStudioVersion = 10.0.40219.1
Project("{888888A0-9F3D-457C-B088-3A5042F75D52}") = "PythonApplication3ввввввввввв", "PythonApplication3ввввввввввв\PythonApplication3ввввввввввв.pyproj", "{EFC6BC79-FFE9-4592-843F-722048897F66}"
EndProject
Global
	GlobalSection(SolutionConfigurationPlatforms) = preSolution
		Debug|Any CPU = Debug|Any CPU
		Release|Any CPU = Release|Any CPU
	EndGlobalSection
	GlobalSection(ProjectConfigurationPlatforms) = postSolution
		{EFC6BC79-FFE9-4592-843F-722048897F66}.Debug|Any CPU.ActiveCfg = Debug|Any CPU
		{EFC6BC79-FFE9-4592-843F-722048897F66}.Release|Any CPU.ActiveCfg = Release|Any CPU
	EndGlobalSection
	GlobalSection(SolutionProperties) = preSolution
		HideSolutionNode = FALSE
	EndGlobalSection
	GlobalSection(ExtensibilityGlobals) = postSolution
		SolutionGuid = {17EF27A3-2B61-407E-8CD7-CDC6BF758D13}
	EndGlobalSection
EndGlobal
